
Microsoft Visual Studio Solution File, Format Version 12.00
# Visual Studio Version 16
VisualStudioVersion = 16.0.29324.140
MinimumVisualStudioVersion = 10.0.40219.1
Project("{FAE04EC0-301F-11D3-BF4B-00C04F79EFBC}") = "TechnorexNotes", "TechnorexNotes\TechnorexNotes.csproj", "{5F8B32AF-E4C7-4E77-BE8C-1CD9F0F883A2}"
EndProject
Global
	GlobalSection(SolutionConfigurationPlatforms) = preSolution
		Debug|Any CPU = Debug|Any CPU
		Release|Any CPU = Release|Any CPU
	EndGlobalSection
	GlobalSection(ProjectConfigurationPlatforms) = postSolution
		{5F8B32AF-E4C7-4E77-BE8C-1CD9F0F883A2}.Debug|Any CPU.ActiveCfg = Debug|Any CPU
		{5F8B32AF-E4C7-4E77-BE8C-1CD9F0F883A2}.Debug|Any CPU.Build.0 = Debug|Any CPU
		{5F8B32AF-E4C7-4E77-BE8C-1CD9F0F883A2}.Release|Any CPU.ActiveCfg = Release|Any CPU
		{5F8B32AF-E4C7-4E77-BE8C-1CD9F0F883A2}.Release|Any CPU.Build.0 = Release|Any CPU
		{CDD8DA0A-A599-42FB-BDDF-1E8C497FFF17}.Debug|Any CPU.ActiveCfg = Debug|Any CPU
		{CDD8DA0A-A599-42FB-BDDF-1E8C497FFF17}.Debug|Any CPU.Build.0 = Debug|Any CPU
		{CDD8DA0A-A599-42FB-BDDF-1E8C497FFF17}.Release|Any CPU.ActiveCfg = Release|Any CPU
		{CDD8DA0A-A599-42FB-BDDF-1E8C497FFF17}.Release|Any CPU.Build.0 = Release|Any CPU
	EndGlobalSection
	GlobalSection(SolutionProperties) = preSolution
		HideSolutionNode = FALSE
	EndGlobalSection
	GlobalSection(ExtensibilityGlobals) = postSolution
		SolutionGuid = {B921E66F-C0B8-4332-8698-90135ADA930A}
	EndGlobalSection
EndGlobal
